{
  "name": "homebridge-tradfri-plugin",
  "version": "1.1.3",
  "lockfileVersion": 1,
  "requires": true,
  "dependencies": {
    "builtin-modules": {
      "version": "3.0.0",
      "resolved": "https://registry.npmjs.org/builtin-modules/-/builtin-modules-3.0.0.tgz",
      "integrity": "sha512-hMIeU4K2ilbXV6Uv93ZZ0Avg/M91RaKXucQ+4me2Do1txxBDyDZWCBa5bJSLqoNTRpXTLwEzIk1KmloenDDjhg==",
      "dev": true
    },
    "command-exists": {
      "version": "1.2.8",
      "resolved": "https://registry.npmjs.org/command-exists/-/command-exists-1.2.8.tgz",
      "integrity": "sha512-PM54PkseWbiiD/mMsbvW351/u+dafwTJ0ye2qB60G1aGQP9j3xK2gmMDc+R34L3nDtx4qMCitXT75mkbkGJDLw=="
    },
    "is-module": {
      "version": "1.0.0",
      "resolved": "https://registry.npmjs.org/is-module/-/is-module-1.0.0.tgz",
      "integrity": "sha1-Mlj7afeMFNW4FdZkM2tM/7ZEFZE=",
      "dev": true
    },
    "rollup-plugin-node-resolve": {
      "version": "4.0.0",
      "resolved": "https://registry.npmjs.org/rollup-plugin-node-resolve/-/rollup-plugin-node-resolve-4.0.0.tgz",
      "integrity": "sha512-7Ni+/M5RPSUBfUaP9alwYQiIKnKeXCOHiqBpKUl9kwp3jX5ZJtgXAait1cne6pGEVUUztPD6skIKH9Kq9sNtfw==",
      "dev": true,
      "requires": {
        "builtin-modules": "^3.0.0",
        "is-module": "^1.0.0",
        "resolve": "^1.8.1"
      },
      "dependencies": {
        "path-parse": {
          "version": "1.0.6",
          "resolved": "https://registry.npmjs.org/path-parse/-/path-parse-1.0.6.tgz",
          "integrity": "sha512-GSmOT2EbHrINBf9SR7CDELwlJ8AENk3Qn7OikK4nFYAu3Ote2+JYNVvkpAEQm3/TLNEJFD/xZJjzyxg3KBWOzw==",
          "dev": true
        },
        "resolve": {
          "version": "1.10.0",
          "resolved": "https://registry.npmjs.org/resolve/-/resolve-1.10.0.tgz",
          "integrity": "sha512-3sUr9aq5OfSg2S9pNtPA9hL1FVEAjvfOC4leW0SNf/mpnaakz2a9femSd6LqAww2RaFctwyf1lCqnTHuF1rxDg==",
          "dev": true,
          "requires": {
            "path-parse": "^1.0.6"
          }
        }
      }
    }
  }
}
